// !$*UTF8*$!
{
	archiveVersion = 1;
	classes = {
	};
	objectVersion = 50;
	objects = {

/* Begin PBXBuildFile section */
		304D99AF22C1AC18007EF49F /* PlatformCommon.framework in Frameworks */ = {isa = PBXBuildFile; fileRef = 304D99AE22C1AC18007EF49F /* PlatformCommon.framework */; };
		304D99B222C1AE8C007EF49F /* SwiftResponse.swift in Sources */ = {isa = PBXBuildFile; fileRef = 304D99B122C1AE8C007EF49F /* SwiftResponse.swift */; };
		304D99B422C1B036007EF49F /* StringKeys.swift in Sources */ = {isa = PBXBuildFile; fileRef = 304D99B322C1B036007EF49F /* StringKeys.swift */; };
		30F0B3A922C19B84004673A2 /* AppDelegate.swift in Sources */ = {isa = PBXBuildFile; fileRef = 30F0B3A822C19B84004673A2 /* AppDelegate.swift */; };
		30F0B3AB22C19B85004673A2 /* PostsViewController.swift in Sources */ = {isa = PBXBuildFile; fileRef = 30F0B3AA22C19B85004673A2 /* PostsViewController.swift */; };
		30F0B3AD22C19B85004673A2 /* SecondViewController.swift in Sources */ = {isa = PBXBuildFile; fileRef = 30F0B3AC22C19B85004673A2 /* SecondViewController.swift */; };
		30F0B3B022C19B85004673A2 /* Main.storyboard in Resources */ = {isa = PBXBuildFile; fileRef = 30F0B3AE22C19B85004673A2 /* Main.storyboard */; };
		30F0B3B222C19B86004673A2 /* Assets.xcassets in Resources */ = {isa = PBXBuildFile; fileRef = 30F0B3B122C19B86004673A2 /* Assets.xcassets */; };
		30F0B3B522C19B86004673A2 /* LaunchScreen.storyboard in Resources */ = {isa = PBXBuildFile; fileRef = 30F0B3B322C19B86004673A2 /* LaunchScreen.storyboard */; };
		30F0B3C022C19B86004673A2 /* NebulaTests.swift in Sources */ = {isa = PBXBuildFile; fileRef = 30F0B3BF22C19B86004673A2 /* NebulaTests.swift */; };
		30F0B3CE22C19C33004673A2 /* PostsModel.swift in Sources */ = {isa = PBXBuildFile; fileRef = 30F0B3CD22C19C33004673A2 /* PostsModel.swift */; };
		30F9B60422C2F14400838BCF /* PostsTableViewCell.swift in Sources */ = {isa = PBXBuildFile; fileRef = 30F9B60322C2F14400838BCF /* PostsTableViewCell.swift */; };
/* End PBXBuildFile section */

/* Begin PBXContainerItemProxy section */
		30F0B3BC22C19B86004673A2 /* PBXContainerItemProxy */ = {
			isa = PBXContainerItemProxy;
			containerPortal = 30F0B39D22C19B84004673A2 /* Project object */;
			proxyType = 1;
			remoteGlobalIDString = 30F0B3A422C19B84004673A2;
			remoteInfo = Nebula;
		};
/* End PBXContainerItemProxy section */

/* Begin PBXFileReference section */
		304D99AE22C1AC18007EF49F /* PlatformCommon.framework */ = {isa = PBXFileReference; lastKnownFileType = wrapper.framework; name = PlatformCommon.framework; path = Carthage/Build/iOS/PlatformCommon.framework; sourceTree = "<group>"; };
		304D99B122C1AE8C007EF49F /* SwiftResponse.swift */ = {isa = PBXFileReference; lastKnownFileType = sourcecode.swift; path = SwiftResponse.swift; sourceTree = "<group>"; };
		304D99B322C1B036007EF49F /* StringKeys.swift */ = {isa = PBXFileReference; lastKnownFileType = sourcecode.swift; path = StringKeys.swift; sourceTree = "<group>"; };
		30F0B3A522C19B84004673A2 /* Nebula.app */ = {isa = PBXFileReference; explicitFileType = wrapper.application; includeInIndex = 0; path = Nebula.app; sourceTree = BUILT_PRODUCTS_DIR; };
		30F0B3A822C19B84004673A2 /* AppDelegate.swift */ = {isa = PBXFileReference; lastKnownFileType = sourcecode.swift; path = AppDelegate.swift; sourceTree = "<group>"; };
		30F0B3AA22C19B85004673A2 /* PostsViewController.swift */ = {isa = PBXFileReference; lastKnownFileType = sourcecode.swift; path = PostsViewController.swift; sourceTree = "<group>"; };
		30F0B3AC22C19B85004673A2 /* SecondViewController.swift */ = {isa = PBXFileReference; lastKnownFileType = sourcecode.swift; path = SecondViewController.swift; sourceTree = "<group>"; };
		30F0B3AF22C19B85004673A2 /* Base */ = {isa = PBXFileReference; lastKnownFileType = file.storyboard; name = Base; path = Base.lproj/Main.storyboard; sourceTree = "<group>"; };
		30F0B3B122C19B86004673A2 /* Assets.xcassets */ = {isa = PBXFileReference; lastKnownFileType = folder.assetcatalog; path = Assets.xcassets; sourceTree = "<group>"; };
		30F0B3B422C19B86004673A2 /* Base */ = {isa = PBXFileReference; lastKnownFileType = file.storyboard; name = Base; path = Base.lproj/LaunchScreen.storyboard; sourceTree = "<group>"; };
		30F0B3B622C19B86004673A2 /* Info.plist */ = {isa = PBXFileReference; lastKnownFileType = text.plist.xml; path = Info.plist; sourceTree = "<group>"; };
		30F0B3BB22C19B86004673A2 /* NebulaTests.xctest */ = {isa = PBXFileReference; explicitFileType = wrapper.cfbundle; includeInIndex = 0; path = NebulaTests.xctest; sourceTree = BUILT_PRODUCTS_DIR; };
		30F0B3BF22C19B86004673A2 /* NebulaTests.swift */ = {isa = PBXFileReference; lastKnownFileType = sourcecode.swift; path = NebulaTests.swift; sourceTree = "<group>"; };
		30F0B3C122C19B86004673A2 /* Info.plist */ = {isa = PBXFileReference; lastKnownFileType = text.plist.xml; path = Info.plist; sourceTree = "<group>"; };
		30F0B3CD22C19C33004673A2 /* PostsModel.swift */ = {isa = PBXFileReference; lastKnownFileType = sourcecode.swift; path = PostsModel.swift; sourceTree = "<group>"; };
		30F9B60322C2F14400838BCF /* PostsTableViewCell.swift */ = {isa = PBXFileReference; lastKnownFileType = sourcecode.swift; path = PostsTableViewCell.swift; sourceTree = "<group>"; };
/* End PBXFileReference section */

/* Begin PBXFrameworksBuildPhase section */
		30F0B3A222C19B84004673A2 /* Frameworks */ = {
			isa = PBXFrameworksBuildPhase;
			buildActionMask = 2147483647;
			files = (
				304D99AF22C1AC18007EF49F /* PlatformCommon.framework in Frameworks */,
			);
			runOnlyForDeploymentPostprocessing = 0;
		};
		30F0B3B822C19B86004673A2 /* Frameworks */ = {
			isa = PBXFrameworksBuildPhase;
			buildActionMask = 2147483647;
			files = (
			);
			runOnlyForDeploymentPostprocessing = 0;
		};
/* End PBXFrameworksBuildPhase section */

/* Begin PBXGroup section */
		304D99AD22C1AC18007EF49F /* Frameworks */ = {
			isa = PBXGroup;
			children = (
				304D99AE22C1AC18007EF49F /* PlatformCommon.framework */,
			);
			name = Frameworks;
			sourceTree = "<group>";
		};
		304D99B022C1AE6E007EF49F /* Networking */ = {
			isa = PBXGroup;
			children = (
				304D99B122C1AE8C007EF49F /* SwiftResponse.swift */,
			);
			path = Networking;
			sourceTree = "<group>";
		};
		30F0B39C22C19B84004673A2 = {
			isa = PBXGroup;
			children = (
				30F0B3A722C19B84004673A2 /* Nebula */,
				30F0B3BE22C19B86004673A2 /* NebulaTests */,
				30F0B3A622C19B84004673A2 /* Products */,
				304D99AD22C1AC18007EF49F /* Frameworks */,
			);
			sourceTree = "<group>";
		};
		30F0B3A622C19B84004673A2 /* Products */ = {
			isa = PBXGroup;
			children = (
				30F0B3A522C19B84004673A2 /* Nebula.app */,
				30F0B3BB22C19B86004673A2 /* NebulaTests.xctest */,
			);
			name = Products;
			sourceTree = "<group>";
		};
		30F0B3A722C19B84004673A2 /* Nebula */ = {
			isa = PBXGroup;
			children = (
				304D99B022C1AE6E007EF49F /* Networking */,
				30F0B3CB22C19C0F004673A2 /* Posts */,
				30F0B3A822C19B84004673A2 /* AppDelegate.swift */,
				30F0B3AC22C19B85004673A2 /* SecondViewController.swift */,
				30F0B3AE22C19B85004673A2 /* Main.storyboard */,
				30F0B3B122C19B86004673A2 /* Assets.xcassets */,
				30F0B3B322C19B86004673A2 /* LaunchScreen.storyboard */,
				30F0B3B622C19B86004673A2 /* Info.plist */,
				304D99B322C1B036007EF49F /* StringKeys.swift */,
			);
			path = Nebula;
			sourceTree = "<group>";
		};
		30F0B3BE22C19B86004673A2 /* NebulaTests */ = {
			isa = PBXGroup;
			children = (
				30F0B3BF22C19B86004673A2 /* NebulaTests.swift */,
				30F0B3C122C19B86004673A2 /* Info.plist */,
			);
			path = NebulaTests;
			sourceTree = "<group>";
		};
		30F0B3CA22C19C05004673A2 /* Models */ = {
			isa = PBXGroup;
			children = (
				30F0B3CD22C19C33004673A2 /* PostsModel.swift */,
			);
			path = Models;
			sourceTree = "<group>";
		};
		30F0B3CB22C19C0F004673A2 /* Posts */ = {
			isa = PBXGroup;
			children = (
				30F9B60222C2F12A00838BCF /* Views */,
				30F0B3CC22C19C1D004673A2 /* ViewControllers */,
				30F0B3CA22C19C05004673A2 /* Models */,
			);
			path = Posts;
			sourceTree = "<group>";
		};
		30F0B3CC22C19C1D004673A2 /* ViewControllers */ = {
			isa = PBXGroup;
			children = (
				30F0B3AA22C19B85004673A2 /* PostsViewController.swift */,
			);
			path = ViewControllers;
			sourceTree = "<group>";
		};
		30F9B60222C2F12A00838BCF /* Views */ = {
			isa = PBXGroup;
			children = (
				30F9B60322C2F14400838BCF /* PostsTableViewCell.swift */,
			);
			path = Views;
			sourceTree = "<group>";
		};
/* End PBXGroup section */

/* Begin PBXNativeTarget section */
		30F0B3A422C19B84004673A2 /* Nebula */ = {
			isa = PBXNativeTarget;
			buildConfigurationList = 30F0B3C422C19B86004673A2 /* Build configuration list for PBXNativeTarget "Nebula" */;
			buildPhases = (
				30F0B3A122C19B84004673A2 /* Sources */,
				30F0B3A222C19B84004673A2 /* Frameworks */,
				30F0B3A322C19B84004673A2 /* Resources */,
				304D99AC22C1A856007EF49F /* ShellScript */,
			);
			buildRules = (
			);
			dependencies = (
			);
			name = Nebula;
			productName = Nebula;
			productReference = 30F0B3A522C19B84004673A2 /* Nebula.app */;
			productType = "com.apple.product-type.application";
		};
		30F0B3BA22C19B86004673A2 /* NebulaTests */ = {
			isa = PBXNativeTarget;
			buildConfigurationList = 30F0B3C722C19B86004673A2 /* Build configuration list for PBXNativeTarget "NebulaTests" */;
			buildPhases = (
				30F0B3B722C19B86004673A2 /* Sources */,
				30F0B3B822C19B86004673A2 /* Frameworks */,
				30F0B3B922C19B86004673A2 /* Resources */,
			);
			buildRules = (
			);
			dependencies = (
				30F0B3BD22C19B86004673A2 /* PBXTargetDependency */,
			);
			name = NebulaTests;
			productName = NebulaTests;
			productReference = 30F0B3BB22C19B86004673A2 /* NebulaTests.xctest */;
			productType = "com.apple.product-type.bundle.unit-test";
		};
/* End PBXNativeTarget section */

/* Begin PBXProject section */
		30F0B39D22C19B84004673A2 /* Project object */ = {
			isa = PBXProject;
			attributes = {
				LastSwiftUpdateCheck = 1010;
				LastUpgradeCheck = 1010;
				ORGANIZATIONNAME = "Khalid Asad";
				TargetAttributes = {
					30F0B3A422C19B84004673A2 = {
						CreatedOnToolsVersion = 10.1;
					};
					30F0B3BA22C19B86004673A2 = {
						CreatedOnToolsVersion = 10.1;
						TestTargetID = 30F0B3A422C19B84004673A2;
					};
				};
			};
			buildConfigurationList = 30F0B3A022C19B84004673A2 /* Build configuration list for PBXProject "Nebula" */;
			compatibilityVersion = "Xcode 9.3";
			developmentRegion = en;
			hasScannedForEncodings = 0;
			knownRegions = (
				en,
				Base,
			);
			mainGroup = 30F0B39C22C19B84004673A2;
			productRefGroup = 30F0B3A622C19B84004673A2 /* Products */;
			projectDirPath = "";
			projectRoot = "";
			targets = (
				30F0B3A422C19B84004673A2 /* Nebula */,
				30F0B3BA22C19B86004673A2 /* NebulaTests */,
			);
		};
/* End PBXProject section */

/* Begin PBXResourcesBuildPhase section */
		30F0B3A322C19B84004673A2 /* Resources */ = {
			isa = PBXResourcesBuildPhase;
			buildActionMask = 2147483647;
			files = (
				30F0B3B522C19B86004673A2 /* LaunchScreen.storyboard in Resources */,
				30F0B3B222C19B86004673A2 /* Assets.xcassets in Resources */,
				30F0B3B022C19B85004673A2 /* Main.storyboard in Resources */,
			);
			runOnlyForDeploymentPostprocessing = 0;
		};
		30F0B3B922C19B86004673A2 /* Resources */ = {
			isa = PBXResourcesBuildPhase;
			buildActionMask = 2147483647;
			files = (
			);
			runOnlyForDeploymentPostprocessing = 0;
		};
/* End PBXResourcesBuildPhase section */

/* Begin PBXShellScriptBuildPhase section */
		304D99AC22C1A856007EF49F /* ShellScript */ = {
			isa = PBXShellScriptBuildPhase;
			buildActionMask = 2147483647;
			files = (
			);
			inputFileListPaths = (
			);
			inputPaths = (
				"$(SRCROOT)/Carthage/Build/iOS/PlatformCommon.framework",
			);
			outputFileListPaths = (
			);
			outputPaths = (
				"",
			);
			runOnlyForDeploymentPostprocessing = 0;
			shellPath = /bin/sh;
			shellScript = "/usr/local/bin/carthage copy-frameworks\n";
		};
/* End PBXShellScriptBuildPhase section */

/* Begin PBXSourcesBuildPhase section */
		30F0B3A122C19B84004673A2 /* Sources */ = {
			isa = PBXSourcesBuildPhase;
			buildActionMask = 2147483647;
			files = (
				30F0B3AD22C19B85004673A2 /* SecondViewController.swift in Sources */,
				30F0B3CE22C19C33004673A2 /* PostsModel.swift in Sources */,
				30F0B3A922C19B84004673A2 /* AppDelegate.swift in Sources */,
				304D99B222C1AE8C007EF49F /* SwiftResponse.swift in Sources */,
				304D99B422C1B036007EF49F /* StringKeys.swift in Sources */,
				30F9B60422C2F14400838BCF /* PostsTableViewCell.swift in Sources */,
				30F0B3AB22C19B85004673A2 /* PostsViewController.swift in Sources */,
			);
			runOnlyForDeploymentPostprocessing = 0;
		};
		30F0B3B722C19B86004673A2 /* Sources */ = {
			isa = PBXSourcesBuildPhase;
			buildActionMask = 2147483647;
			files = (
				30F0B3C022C19B86004673A2 /* NebulaTests.swift in Sources */,
			);
			runOnlyForDeploymentPostprocessing = 0;
		};
/* End PBXSourcesBuildPhase section */

/* Begin PBXTargetDependency section */
		30F0B3BD22C19B86004673A2 /* PBXTargetDependency */ = {
			isa = PBXTargetDependency;
			target = 30F0B3A422C19B84004673A2 /* Nebula */;
			targetProxy = 30F0B3BC22C19B86004673A2 /* PBXContainerItemProxy */;
		};
/* End PBXTargetDependency section */

/* Begin PBXVariantGroup section */
		30F0B3AE22C19B85004673A2 /* Main.storyboard */ = {
			isa = PBXVariantGroup;
			children = (
				30F0B3AF22C19B85004673A2 /* Base */,
			);
			name = Main.storyboard;
			sourceTree = "<group>";
		};
		30F0B3B322C19B86004673A2 /* LaunchScreen.storyboard */ = {
			isa = PBXVariantGroup;
			children = (
				30F0B3B422C19B86004673A2 /* Base */,
			);
			name = LaunchScreen.storyboard;
			sourceTree = "<group>";
		};
/* End PBXVariantGroup section */

/* Begin XCBuildConfiguration section */
		30F0B3C222C19B86004673A2 /* Debug */ = {
			isa = XCBuildConfiguration;
			buildSettings = {
				ALWAYS_SEARCH_USER_PATHS = NO;
				CLANG_ANALYZER_NONNULL = YES;
				CLANG_ANALYZER_NUMBER_OBJECT_CONVERSION = YES_AGGRESSIVE;
				CLANG_CXX_LANGUAGE_STANDARD = "gnu++14";
				CLANG_CXX_LIBRARY = "libc++";
				CLANG_ENABLE_MODULES = YES;
				CLANG_ENABLE_OBJC_ARC = YES;
				CLANG_ENABLE_OBJC_WEAK = YES;
				CLANG_WARN_BLOCK_CAPTURE_AUTORELEASING = YES;
				CLANG_WARN_BOOL_CONVERSION = YES;
				CLANG_WARN_COMMA = YES;
				CLANG_WARN_CONSTANT_CONVERSION = YES;
				CLANG_WARN_DEPRECATED_OBJC_IMPLEMENTATIONS = YES;
				CLANG_WARN_DIRECT_OBJC_ISA_USAGE = YES_ERROR;
				CLANG_WARN_DOCUMENTATION_COMMENTS = YES;
				CLANG_WARN_EMPTY_BODY = YES;
				CLANG_WARN_ENUM_CONVERSION = YES;
				CLANG_WARN_INFINITE_RECURSION = YES;
				CLANG_WARN_INT_CONVERSION = YES;
				CLANG_WARN_NON_LITERAL_NULL_CONVERSION = YES;
				CLANG_WARN_OBJC_IMPLICIT_RETAIN_SELF = YES;
				CLANG_WARN_OBJC_LITERAL_CONVERSION = YES;
				CLANG_WARN_OBJC_ROOT_CLASS = YES_ERROR;
				CLANG_WARN_RANGE_LOOP_ANALYSIS = YES;
				CLANG_WARN_STRICT_PROTOTYPES = YES;
				CLANG_WARN_SUSPICIOUS_MOVE = YES;
				CLANG_WARN_UNGUARDED_AVAILABILITY = YES_AGGRESSIVE;
				CLANG_WARN_UNREACHABLE_CODE = YES;
				CLANG_WARN__DUPLICATE_METHOD_MATCH = YES;
				CODE_SIGN_IDENTITY = "iPhone Developer";
				COPY_PHASE_STRIP = NO;
				DEBUG_INFORMATION_FORMAT = dwarf;
				ENABLE_STRICT_OBJC_MSGSEND = YES;
				ENABLE_TESTABILITY = YES;
				GCC_C_LANGUAGE_STANDARD = gnu11;
				GCC_DYNAMIC_NO_PIC = NO;
				GCC_NO_COMMON_BLOCKS = YES;
				GCC_OPTIMIZATION_LEVEL = 0;
				GCC_PREPROCESSOR_DEFINITIONS = (
					"DEBUG=1",
					"$(inherited)",
				);
				GCC_WARN_64_TO_32_BIT_CONVERSION = YES;
				GCC_WARN_ABOUT_RETURN_TYPE = YES_ERROR;
				GCC_WARN_UNDECLARED_SELECTOR = YES;
				GCC_WARN_UNINITIALIZED_AUTOS = YES_AGGRESSIVE;
				GCC_WARN_UNUSED_FUNCTION = YES;
				GCC_WARN_UNUSED_VARIABLE = YES;
				IPHONEOS_DEPLOYMENT_TARGET = 12.1;
				MTL_ENABLE_DEBUG_INFO = INCLUDE_SOURCE;
				MTL_FAST_MATH = YES;
				ONLY_ACTIVE_ARCH = YES;
				SDKROOT = iphoneos;
				SWIFT_ACTIVE_COMPILATION_CONDITIONS = DEBUG;
				SWIFT_OPTIMIZATION_LEVEL = "-Onone";
			};
			name = Debug;
		};
		30F0B3C322C19B86004673A2 /* Release */ = {
			isa = XCBuildConfiguration;
			buildSettings = {
				ALWAYS_SEARCH_USER_PATHS = NO;
				CLANG_ANALYZER_NONNULL = YES;
				CLANG_ANALYZER_NUMBER_OBJECT_CONVERSION = YES_AGGRESSIVE;
				CLANG_CXX_LANGUAGE_STANDARD = "gnu++14";
				CLANG_CXX_LIBRARY = "libc++";
				CLANG_ENABLE_MODULES = YES;
				CLANG_ENABLE_OBJC_ARC = YES;
				CLANG_ENABLE_OBJC_WEAK = YES;
				CLANG_WARN_BLOCK_CAPTURE_AUTORELEASING = YES;
				CLANG_WARN_BOOL_CONVERSION = YES;
				CLANG_WARN_COMMA = YES;
				CLANG_WARN_CONSTANT_CONVERSION = YES;
				CLANG_WARN_DEPRECATED_OBJC_IMPLEMENTATIONS = YES;
				CLANG_WARN_DIRECT_OBJC_ISA_USAGE = YES_ERROR;
				CLANG_WARN_DOCUMENTATION_COMMENTS = YES;
				CLANG_WARN_EMPTY_BODY = YES;
				CLANG_WARN_ENUM_CONVERSION = YES;
				CLANG_WARN_INFINITE_RECURSION = YES;
				CLANG_WARN_INT_CONVERSION = YES;
				CLANG_WARN_NON_LITERAL_NULL_CONVERSION = YES;
				CLANG_WARN_OBJC_IMPLICIT_RETAIN_SELF = YES;
				CLANG_WARN_OBJC_LITERAL_CONVERSION = YES;
				CLANG_WARN_OBJC_ROOT_CLASS = YES_ERROR;
				CLANG_WARN_RANGE_LOOP_ANALYSIS = YES;
				CLANG_WARN_STRICT_PROTOTYPES = YES;
				CLANG_WARN_SUSPICIOUS_MOVE = YES;
				CLANG_WARN_UNGUARDED_AVAILABILITY = YES_AGGRESSIVE;
				CLANG_WARN_UNREACHABLE_CODE = YES;
				CLANG_WARN__DUPLICATE_METHOD_MATCH = YES;
				CODE_SIGN_IDENTITY = "iPhone Developer";
				COPY_PHASE_STRIP = NO;
				DEBUG_INFORMATION_FORMAT = "dwarf-with-dsym";
				ENABLE_NS_ASSERTIONS = NO;
				ENABLE_STRICT_OBJC_MSGSEND = YES;
				GCC_C_LANGUAGE_STANDARD = gnu11;
				GCC_NO_COMMON_BLOCKS = YES;
				GCC_WARN_64_TO_32_BIT_CONVERSION = YES;
				GCC_WARN_ABOUT_RETURN_TYPE = YES_ERROR;
				GCC_WARN_UNDECLARED_SELECTOR = YES;
				GCC_WARN_UNINITIALIZED_AUTOS = YES_AGGRESSIVE;
				GCC_WARN_UNUSED_FUNCTION = YES;
				GCC_WARN_UNUSED_VARIABLE = YES;
				IPHONEOS_DEPLOYMENT_TARGET = 12.1;
				MTL_ENABLE_DEBUG_INFO = NO;
				MTL_FAST_MATH = YES;
				SDKROOT = iphoneos;
				SWIFT_COMPILATION_MODE = wholemodule;
				SWIFT_OPTIMIZATION_LEVEL = "-O";
				VALIDATE_PRODUCT = YES;
			};
			name = Release;
		};
		30F0B3C522C19B86004673A2 /* Debug */ = {
			isa = XCBuildConfiguration;
			buildSettings = {
				ASSETCATALOG_COMPILER_APPICON_NAME = AppIcon;
				CODE_SIGN_STYLE = Automatic;
				FRAMEWORK_SEARCH_PATHS = (
					"$(inherited)",
					"$(PROJECT_DIR)/Carthage/Build/iOS",
				);
				INFOPLIST_FILE = Nebula/Info.plist;
				LD_RUNPATH_SEARCH_PATHS = (
					"$(inherited)",
					"@executable_path/Frameworks",
				);
				PRODUCT_BUNDLE_IDENTIFIER = Logismiko.Nebula;
				PRODUCT_NAME = "$(TARGET_NAME)";
				SWIFT_VERSION = 4.2;
				TARGETED_DEVICE_FAMILY = "1,2";
			};
			name = Debug;
		};
		30F0B3C622C19B86004673A2 /* Release */ = {
			isa = XCBuildConfiguration;
			buildSettings = {
				ASSETCATALOG_COMPILER_APPICON_NAME = AppIcon;
				CODE_SIGN_STYLE = Automatic;
				FRAMEWORK_SEARCH_PATHS = (
					"$(inherited)",
					"$(PROJECT_DIR)/Carthage/Build/iOS",
				);
				INFOPLIST_FILE = Nebula/Info.plist;
				LD_RUNPATH_SEARCH_PATHS = (
					"$(inherited)",
					"@executable_path/Frameworks",
				);
				PRODUCT_BUNDLE_IDENTIFIER = Logismiko.Nebula;
				PRODUCT_NAME = "$(TARGET_NAME)";
				SWIFT_VERSION = 4.2;
				TARGETED_DEVICE_FAMILY = "1,2";
			};
			name = Release;
		};
		30F0B3C822C19B86004673A2 /* Debug */ = {
			isa = XCBuildConfiguration;
			buildSettings = {
				ALWAYS_EMBED_SWIFT_STANDARD_LIBRARIES = YES;
				BUNDLE_LOADER = "$(TEST_HOST)";
				CODE_SIGN_STYLE = Automatic;
				INFOPLIST_FILE = NebulaTests/Info.plist;
				LD_RUNPATH_SEARCH_PATHS = (
					"$(inherited)",
					"@executable_path/Frameworks",
					"@loader_path/Frameworks",
				);
				PRODUCT_BUNDLE_IDENTIFIER = Logismiko.NebulaTests;
				PRODUCT_NAME = "$(TARGET_NAME)";
				SWIFT_VERSION = 4.2;
				TARGETED_DEVICE_FAMILY = "1,2";
				TEST_HOST = "$(BUILT_PRODUCTS_DIR)/Nebula.app/Nebula";
			};
			name = Debug;
		};
		30F0B3C922C19B86004673A2 /* Release */ = {
			isa = XCBuildConfiguration;
			buildSettings = {
				ALWAYS_EMBED_SWIFT_STANDARD_LIBRARIES = YES;
				BUNDLE_LOADER = "$(TEST_HOST)";
				CODE_SIGN_STYLE = Automatic;
				INFOPLIST_FILE = NebulaTests/Info.plist;
				LD_RUNPATH_SEARCH_PATHS = (
					"$(inherited)",
					"@executable_path/Frameworks",
					"@loader_path/Frameworks",
				);
				PRODUCT_BUNDLE_IDENTIFIER = Logismiko.NebulaTests;
				PRODUCT_NAME = "$(TARGET_NAME)";
				SWIFT_VERSION = 4.2;
				TARGETED_DEVICE_FAMILY = "1,2";
				TEST_HOST = "$(BUILT_PRODUCTS_DIR)/Nebula.app/Nebula";
			};
			name = Release;
		};
/* End XCBuildConfiguration section */

/* Begin XCConfigurationList section */
		30F0B3A022C19B84004673A2 /* Build configuration list for PBXProject "Nebula" */ = {
			isa = XCConfigurationList;
			buildConfigurations = (
				30F0B3C222C19B86004673A2 /* Debug */,
				30F0B3C322C19B86004673A2 /* Release */,
			);
			defaultConfigurationIsVisible = 0;
			defaultConfigurationName = Release;
		};
		30F0B3C422C19B86004673A2 /* Build configuration list for PBXNativeTarget "Nebula" */ = {
			isa = XCConfigurationList;
			buildConfigurations = (
				30F0B3C522C19B86004673A2 /* Debug */,
				30F0B3C622C19B86004673A2 /* Release */,
			);
			defaultConfigurationIsVisible = 0;
			defaultConfigurationName = Release;
		};
		30F0B3C722C19B86004673A2 /* Build configuration list for PBXNativeTarget "NebulaTests" */ = {
			isa = XCConfigurationList;
			buildConfigurations = (
				30F0B3C822C19B86004673A2 /* Debug */,
				30F0B3C922C19B86004673A2 /* Release */,
			);
			defaultConfigurationIsVisible = 0;
			defaultConfigurationName = Release;
		};
/* End XCConfigurationList section */
	};
	rootObject = 30F0B39D22C19B84004673A2 /* Project object */;
}
